// !$*UTF8*$!
{
	archiveVersion = 1;
	classes = {
	};
	objectVersion = 46;
	objects = {

/* Begin PBXBuildFile section */
		F9E3F3931BA9FBC9001FF957 /* main.m in Sources */ = {isa = PBXBuildFile; fileRef = F9E3F3921BA9FBC9001FF957 /* main.m */; };
		F9E3F3961BA9FBC9001FF957 /* AppDelegate.m in Sources */ = {isa = PBXBuildFile; fileRef = F9E3F3951BA9FBC9001FF957 /* AppDelegate.m */; };
		F9E3F3991BA9FBC9001FF957 /* ViewController.m in Sources */ = {isa = PBXBuildFile; fileRef = F9E3F3981BA9FBC9001FF957 /* ViewController.m */; };
		F9E3F39C1BA9FBC9001FF957 /* Main.storyboard in Resources */ = {isa = PBXBuildFile; fileRef = F9E3F39A1BA9FBC9001FF957 /* Main.storyboard */; };
		F9E3F39E1BA9FBC9001FF957 /* Images.xcassets in Resources */ = {isa = PBXBuildFile; fileRef = F9E3F39D1BA9FBC9001FF957 /* Images.xcassets */; };
		F9E3F3A11BA9FBC9001FF957 /* LaunchScreen.xib in Resources */ = {isa = PBXBuildFile; fileRef = F9E3F39F1BA9FBC9001FF957 /* LaunchScreen.xib */; };
		F9E3F3AD1BA9FBC9001FF957 /* chatclientTests.m in Sources */ = {isa = PBXBuildFile; fileRef = F9E3F3AC1BA9FBC9001FF957 /* chatclientTests.m */; };
/* End PBXBuildFile section */

/* Begin PBXContainerItemProxy section */
		F9E3F3A71BA9FBC9001FF957 /* PBXContainerItemProxy */ = {
			isa = PBXContainerItemProxy;
			containerPortal = F9E3F3851BA9FBC9001FF957 /* Project object */;
			proxyType = 1;
			remoteGlobalIDString = F9E3F38C1BA9FBC9001FF957;
			remoteInfo = chatclient;
		};
/* End PBXContainerItemProxy section */

/* Begin PBXFileReference section */
		F9E3F38D1BA9FBC9001FF957 /* chatclient.app */ = {isa = PBXFileReference; explicitFileType = wrapper.application; includeInIndex = 0; path = chatclient.app; sourceTree = BUILT_PRODUCTS_DIR; };
		F9E3F3911BA9FBC9001FF957 /* Info.plist */ = {isa = PBXFileReference; lastKnownFileType = text.plist.xml; path = Info.plist; sourceTree = "<group>"; };
		F9E3F3921BA9FBC9001FF957 /* main.m */ = {isa = PBXFileReference; lastKnownFileType = sourcecode.c.objc; path = main.m; sourceTree = "<group>"; };
		F9E3F3941BA9FBC9001FF957 /* AppDelegate.h */ = {isa = PBXFileReference; lastKnownFileType = sourcecode.c.h; path = AppDelegate.h; sourceTree = "<group>"; };
		F9E3F3951BA9FBC9001FF957 /* AppDelegate.m */ = {isa = PBXFileReference; lastKnownFileType = sourcecode.c.objc; path = AppDelegate.m; sourceTree = "<group>"; };
		F9E3F3971BA9FBC9001FF957 /* ViewController.h */ = {isa = PBXFileReference; lastKnownFileType = sourcecode.c.h; path = ViewController.h; sourceTree = "<group>"; };
		F9E3F3981BA9FBC9001FF957 /* ViewController.m */ = {isa = PBXFileReference; lastKnownFileType = sourcecode.c.objc; path = ViewController.m; sourceTree = "<group>"; };
		F9E3F39B1BA9FBC9001FF957 /* Base */ = {isa = PBXFileReference; lastKnownFileType = file.storyboard; name = Base; path = Base.lproj/Main.storyboard; sourceTree = "<group>"; };
		F9E3F39D1BA9FBC9001FF957 /* Images.xcassets */ = {isa = PBXFileReference; lastKnownFileType = folder.assetcatalog; path = Images.xcassets; sourceTree = "<group>"; };
		F9E3F3A01BA9FBC9001FF957 /* Base */ = {isa = PBXFileReference; lastKnownFileType = file.xib; name = Base; path = Base.lproj/LaunchScreen.xib; sourceTree = "<group>"; };
		F9E3F3A61BA9FBC9001FF957 /* chatclientTests.xctest */ = {isa = PBXFileReference; explicitFileType = wrapper.cfbundle; includeInIndex = 0; path = chatclientTests.xctest; sourceTree = BUILT_PRODUCTS_DIR; };
		F9E3F3AB1BA9FBC9001FF957 /* Info.plist */ = {isa = PBXFileReference; lastKnownFileType = text.plist.xml; path = Info.plist; sourceTree = "<group>"; };
		F9E3F3AC1BA9FBC9001FF957 /* chatclientTests.m */ = {isa = PBXFileReference; lastKnownFileType = sourcecode.c.objc; path = chatclientTests.m; sourceTree = "<group>"; };
/* End PBXFileReference section */

/* Begin PBXFrameworksBuildPhase section */
		F9E3F38A1BA9FBC9001FF957 /* Frameworks */ = {
			isa = PBXFrameworksBuildPhase;
			buildActionMask = 2147483647;
			files = (
			);
			runOnlyForDeploymentPostprocessing = 0;
		};
		F9E3F3A31BA9FBC9001FF957 /* Frameworks */ = {
			isa = PBXFrameworksBuildPhase;
			buildActionMask = 2147483647;
			files = (
			);
			runOnlyForDeploymentPostprocessing = 0;
		};
/* End PBXFrameworksBuildPhase section */

/* Begin PBXGroup section */
		F9E3F3841BA9FBC9001FF957 = {
			isa = PBXGroup;
			children = (
				F9E3F38F1BA9FBC9001FF957 /* chatclient */,
				F9E3F3A91BA9FBC9001FF957 /* chatclientTests */,
				F9E3F38E1BA9FBC9001FF957 /* Products */,
			);
			sourceTree = "<group>";
		};
		F9E3F38E1BA9FBC9001FF957 /* Products */ = {
			isa = PBXGroup;
			children = (
				F9E3F38D1BA9FBC9001FF957 /* chatclient.app */,
				F9E3F3A61BA9FBC9001FF957 /* chatclientTests.xctest */,
			);
			name = Products;
			sourceTree = "<group>";
		};
		F9E3F38F1BA9FBC9001FF957 /* chatclient */ = {
			isa = PBXGroup;
			children = (
				F9E3F3941BA9FBC9001FF957 /* AppDelegate.h */,
				F9E3F3951BA9FBC9001FF957 /* AppDelegate.m */,
				F9E3F3971BA9FBC9001FF957 /* ViewController.h */,
				F9E3F3981BA9FBC9001FF957 /* ViewController.m */,
				F9E3F39A1BA9FBC9001FF957 /* Main.storyboard */,
				F9E3F39D1BA9FBC9001FF957 /* Images.xcassets */,
				F9E3F39F1BA9FBC9001FF957 /* LaunchScreen.xib */,
				F9E3F3901BA9FBC9001FF957 /* Supporting Files */,
			);
			path = chatclient;
			sourceTree = "<group>";
		};
		F9E3F3901BA9FBC9001FF957 /* Supporting Files */ = {
			isa = PBXGroup;
			children = (
				F9E3F3911BA9FBC9001FF957 /* Info.plist */,
				F9E3F3921BA9FBC9001FF957 /* main.m */,
			);
			name = "Supporting Files";
			sourceTree = "<group>";
		};
		F9E3F3A91BA9FBC9001FF957 /* chatclientTests */ = {
			isa = PBXGroup;
			children = (
				F9E3F3AC1BA9FBC9001FF957 /* chatclientTests.m */,
				F9E3F3AA1BA9FBC9001FF957 /* Supporting Files */,
			);
			path = chatclientTests;
			sourceTree = "<group>";
		};
		F9E3F3AA1BA9FBC9001FF957 /* Supporting Files */ = {
			isa = PBXGroup;
			children = (
				F9E3F3AB1BA9FBC9001FF957 /* Info.plist */,
			);
			name = "Supporting Files";
			sourceTree = "<group>";
		};
/* End PBXGroup section */

/* Begin PBXNativeTarget section */
		F9E3F38C1BA9FBC9001FF957 /* chatclient */ = {
			isa = PBXNativeTarget;
			buildConfigurationList = F9E3F3B01BA9FBC9001FF957 /* Build configuration list for PBXNativeTarget "chatclient" */;
			buildPhases = (
				F9E3F3891BA9FBC9001FF957 /* Sources */,
				F9E3F38A1BA9FBC9001FF957 /* Frameworks */,
				F9E3F38B1BA9FBC9001FF957 /* Resources */,
			);
			buildRules = (
			);
			dependencies = (
			);
			name = chatclient;
			productName = chatclient;
			productReference = F9E3F38D1BA9FBC9001FF957 /* chatclient.app */;
			productType = "com.apple.product-type.application";
		};
		F9E3F3A51BA9FBC9001FF957 /* chatclientTests */ = {
			isa = PBXNativeTarget;
			buildConfigurationList = F9E3F3B31BA9FBC9001FF957 /* Build configuration list for PBXNativeTarget "chatclientTests" */;
			buildPhases = (
				F9E3F3A21BA9FBC9001FF957 /* Sources */,
				F9E3F3A31BA9FBC9001FF957 /* Frameworks */,
				F9E3F3A41BA9FBC9001FF957 /* Resources */,
			);
			buildRules = (
			);
			dependencies = (
				F9E3F3A81BA9FBC9001FF957 /* PBXTargetDependency */,
			);
			name = chatclientTests;
			productName = chatclientTests;
			productReference = F9E3F3A61BA9FBC9001FF957 /* chatclientTests.xctest */;
			productType = "com.apple.product-type.bundle.unit-test";
		};
/* End PBXNativeTarget section */

/* Begin PBXProject section */
		F9E3F3851BA9FBC9001FF957 /* Project object */ = {
			isa = PBXProject;
			attributes = {
				LastUpgradeCheck = 0640;
				ORGANIZATIONNAME = "Amit Agarwal";
				TargetAttributes = {
					F9E3F38C1BA9FBC9001FF957 = {
						CreatedOnToolsVersion = 6.4;
					};
					F9E3F3A51BA9FBC9001FF957 = {
						CreatedOnToolsVersion = 6.4;
						TestTargetID = F9E3F38C1BA9FBC9001FF957;
					};
				};
			};
			buildConfigurationList = F9E3F3881BA9FBC9001FF957 /* Build configuration list for PBXProject "chatclient" */;
			compatibilityVersion = "Xcode 3.2";
			developmentRegion = English;
			hasScannedForEncodings = 0;
			knownRegions = (
				en,
				Base,
			);
			mainGroup = F9E3F3841BA9FBC9001FF957;
			productRefGroup = F9E3F38E1BA9FBC9001FF957 /* Products */;
			projectDirPath = "";
			projectRoot = "";
			targets = (
				F9E3F38C1BA9FBC9001FF957 /* chatclient */,
				F9E3F3A51BA9FBC9001FF957 /* chatclientTests */,
			);
		};
/* End PBXProject section */

/* Begin PBXResourcesBuildPhase section */
		F9E3F38B1BA9FBC9001FF957 /* Resources */ = {
			isa = PBXResourcesBuildPhase;
			buildActionMask = 2147483647;
			files = (
				F9E3F39C1BA9FBC9001FF957 /* Main.storyboard in Resources */,
				F9E3F3A11BA9FBC9001FF957 /* LaunchScreen.xib in Resources */,
				F9E3F39E1BA9FBC9001FF957 /* Images.xcassets in Resources */,
			);
			runOnlyForDeploymentPostprocessing = 0;
		};
		F9E3F3A41BA9FBC9001FF957 /* Resources */ = {
			isa = PBXResourcesBuildPhase;
			buildActionMask = 2147483647;
			files = (
			);
			runOnlyForDeploymentPostprocessing = 0;
		};
/* End PBXResourcesBuildPhase section */

/* Begin PBXSourcesBuildPhase section */
		F9E3F3891BA9FBC9001FF957 /* Sources */ = {
			isa = PBXSourcesBuildPhase;
			buildActionMask = 2147483647;
			files = (
				F9E3F3991BA9FBC9001FF957 /* ViewController.m in Sources */,
				F9E3F3961BA9FBC9001FF957 /* AppDelegate.m in Sources */,
				F9E3F3931BA9FBC9001FF957 /* main.m in Sources */,
			);
			runOnlyForDeploymentPostprocessing = 0;
		};
		F9E3F3A21BA9FBC9001FF957 /* Sources */ = {
			isa = PBXSourcesBuildPhase;
			buildActionMask = 2147483647;
			files = (
				F9E3F3AD1BA9FBC9001FF957 /* chatclientTests.m in Sources */,
			);
			runOnlyForDeploymentPostprocessing = 0;
		};
/* End PBXSourcesBuildPhase section */

/* Begin PBXTargetDependency section */
		F9E3F3A81BA9FBC9001FF957 /* PBXTargetDependency */ = {
			isa = PBXTargetDependency;
			target = F9E3F38C1BA9FBC9001FF957 /* chatclient */;
			targetProxy = F9E3F3A71BA9FBC9001FF957 /* PBXContainerItemProxy */;
		};
/* End PBXTargetDependency section */

/* Begin PBXVariantGroup section */
		F9E3F39A1BA9FBC9001FF957 /* Main.storyboard */ = {
			isa = PBXVariantGroup;
			children = (
				F9E3F39B1BA9FBC9001FF957 /* Base */,
			);
			name = Main.storyboard;
			sourceTree = "<group>";
		};
		F9E3F39F1BA9FBC9001FF957 /* LaunchScreen.xib */ = {
			isa = PBXVariantGroup;
			children = (
				F9E3F3A01BA9FBC9001FF957 /* Base */,
			);
			name = LaunchScreen.xib;
			sourceTree = "<group>";
		};
/* End PBXVariantGroup section */

/* Begin XCBuildConfiguration section */
		F9E3F3AE1BA9FBC9001FF957 /* Debug */ = {
			isa = XCBuildConfiguration;
			buildSettings = {
				ALWAYS_SEARCH_USER_PATHS = NO;
				CLANG_CXX_LANGUAGE_STANDARD = "gnu++0x";
				CLANG_CXX_LIBRARY = "libc++";
				CLANG_ENABLE_MODULES = YES;
				CLANG_ENABLE_OBJC_ARC = YES;
				CLANG_WARN_BOOL_CONVERSION = YES;
				CLANG_WARN_CONSTANT_CONVERSION = YES;
				CLANG_WARN_DIRECT_OBJC_ISA_USAGE = YES_ERROR;
				CLANG_WARN_EMPTY_BODY = YES;
				CLANG_WARN_ENUM_CONVERSION = YES;
				CLANG_WARN_INT_CONVERSION = YES;
				CLANG_WARN_OBJC_ROOT_CLASS = YES_ERROR;
				CLANG_WARN_UNREACHABLE_CODE = YES;
				CLANG_WARN__DUPLICATE_METHOD_MATCH = YES;
				"CODE_SIGN_IDENTITY[sdk=iphoneos*]" = "iPhone Developer";
				COPY_PHASE_STRIP = NO;
				DEBUG_INFORMATION_FORMAT = "dwarf-with-dsym";
				ENABLE_STRICT_OBJC_MSGSEND = YES;
				GCC_C_LANGUAGE_STANDARD = gnu99;
				GCC_DYNAMIC_NO_PIC = NO;
				GCC_NO_COMMON_BLOCKS = YES;
				GCC_OPTIMIZATION_LEVEL = 0;
				GCC_PREPROCESSOR_DEFINITIONS = (
					"DEBUG=1",
					"$(inherited)",
				);
				GCC_SYMBOLS_PRIVATE_EXTERN = NO;
				GCC_WARN_64_TO_32_BIT_CONVERSION = YES;
				GCC_WARN_ABOUT_RETURN_TYPE = YES_ERROR;
				GCC_WARN_UNDECLARED_SELECTOR = YES;
				GCC_WARN_UNINITIALIZED_AUTOS = YES_AGGRESSIVE;
				GCC_WARN_UNUSED_FUNCTION = YES;
				GCC_WARN_UNUSED_VARIABLE = YES;
				IPHONEOS_DEPLOYMENT_TARGET = 8.4;
				MTL_ENABLE_DEBUG_INFO = YES;
				ONLY_ACTIVE_ARCH = YES;
				SDKROOT = iphoneos;
			};
			name = Debug;
		};
		F9E3F3AF1BA9FBC9001FF957 /* Release */ = {
			isa = XCBuildConfiguration;
			buildSettings = {
				ALWAYS_SEARCH_USER_PATHS = NO;
				CLANG_CXX_LANGUAGE_STANDARD = "gnu++0x";
				CLANG_CXX_LIBRARY = "libc++";
				CLANG_ENABLE_MODULES = YES;
				CLANG_ENABLE_OBJC_ARC = YES;
				CLANG_WARN_BOOL_CONVERSION = YES;
				CLANG_WARN_CONSTANT_CONVERSION = YES;
				CLANG_WARN_DIRECT_OBJC_ISA_USAGE = YES_ERROR;
				CLANG_WARN_EMPTY_BODY = YES;
				CLANG_WARN_ENUM_CONVERSION = YES;
				CLANG_WARN_INT_CONVERSION = YES;
				CLANG_WARN_OBJC_ROOT_CLASS = YES_ERROR;
				CLANG_WARN_UNREACHABLE_CODE = YES;
				CLANG_WARN__DUPLICATE_METHOD_MATCH = YES;
				"CODE_SIGN_IDENTITY[sdk=iphoneos*]" = "iPhone Developer";
				COPY_PHASE_STRIP = NO;
				DEBUG_INFORMATION_FORMAT = "dwarf-with-dsym";
				ENABLE_NS_ASSERTIONS = NO;
				ENABLE_STRICT_OBJC_MSGSEND = YES;
				GCC_C_LANGUAGE_STANDARD = gnu99;
				GCC_NO_COMMON_BLOCKS = YES;
				GCC_WARN_64_TO_32_BIT_CONVERSION = YES;
				GCC_WARN_ABOUT_RETURN_TYPE = YES_ERROR;
				GCC_WARN_UNDECLARED_SELECTOR = YES;
				GCC_WARN_UNINITIALIZED_AUTOS = YES_AGGRESSIVE;
				GCC_WARN_UNUSED_FUNCTION = YES;
				GCC_WARN_UNUSED_VARIABLE = YES;
				IPHONEOS_DEPLOYMENT_TARGET = 8.4;
				MTL_ENABLE_DEBUG_INFO = NO;
				SDKROOT = iphoneos;
				VALIDATE_PRODUCT = YES;
			};
			name = Release;
		};
		F9E3F3B11BA9FBC9001FF957 /* Debug */ = {
			isa = XCBuildConfiguration;
			buildSettings = {
				ASSETCATALOG_COMPILER_APPICON_NAME = AppIcon;
				INFOPLIST_FILE = chatclient/Info.plist;
				LD_RUNPATH_SEARCH_PATHS = "$(inherited) @executable_path/Frameworks";
				PRODUCT_NAME = "$(TARGET_NAME)";
			};
			name = Debug;
		};
		F9E3F3B21BA9FBC9001FF957 /* Release */ = {
			isa = XCBuildConfiguration;
			buildSettings = {
				ASSETCATALOG_COMPILER_APPICON_NAME = AppIcon;
				INFOPLIST_FILE = chatclient/Info.plist;
				LD_RUNPATH_SEARCH_PATHS = "$(inherited) @executable_path/Frameworks";
				PRODUCT_NAME = "$(TARGET_NAME)";
			};
			name = Release;
		};
		F9E3F3B41BA9FBC9001FF957 /* Debug */ = {
			isa = XCBuildConfiguration;
			buildSettings = {
				BUNDLE_LOADER = "$(TEST_HOST)";
				FRAMEWORK_SEARCH_PATHS = (
					"$(SDKROOT)/Developer/Library/Frameworks",
					"$(inherited)",
				);
				GCC_PREPROCESSOR_DEFINITIONS = (
					"DEBUG=1",
					"$(inherited)",
				);
				INFOPLIST_FILE = chatclientTests/Info.plist;
				LD_RUNPATH_SEARCH_PATHS = "$(inherited) @executable_path/Frameworks @loader_path/Frameworks";
				PRODUCT_NAME = "$(TARGET_NAME)";
				TEST_HOST = "$(BUILT_PRODUCTS_DIR)/chatclient.app/chatclient";
			};
			name = Debug;
		};
		F9E3F3B51BA9FBC9001FF957 /* Release */ = {
			isa = XCBuildConfiguration;
			buildSettings = {
				BUNDLE_LOADER = "$(TEST_HOST)";
				FRAMEWORK_SEARCH_PATHS = (
					"$(SDKROOT)/Developer/Library/Frameworks",
					"$(inherited)",
				);
				INFOPLIST_FILE = chatclientTests/Info.plist;
				LD_RUNPATH_SEARCH_PATHS = "$(inherited) @executable_path/Frameworks @loader_path/Frameworks";
				PRODUCT_NAME = "$(TARGET_NAME)";
				TEST_HOST = "$(BUILT_PRODUCTS_DIR)/chatclient.app/chatclient";
			};
			name = Release;
		};
/* End XCBuildConfiguration section */

/* Begin XCConfigurationList section */
		F9E3F3881BA9FBC9001FF957 /* Build configuration list for PBXProject "chatclient" */ = {
			isa = XCConfigurationList;
			buildConfigurations = (
				F9E3F3AE1BA9FBC9001FF957 /* Debug */,
				F9E3F3AF1BA9FBC9001FF957 /* Release */,
			);
			defaultConfigurationIsVisible = 0;
			defaultConfigurationName = Release;
		};
		F9E3F3B01BA9FBC9001FF957 /* Build configuration list for PBXNativeTarget "chatclient" */ = {
			isa = XCConfigurationList;
			buildConfigurations = (
				F9E3F3B11BA9FBC9001FF957 /* Debug */,
				F9E3F3B21BA9FBC9001FF957 /* Release */,
			);
			defaultConfigurationIsVisible = 0;
		};
		F9E3F3B31BA9FBC9001FF957 /* Build configuration list for PBXNativeTarget "chatclientTests" */ = {
			isa = XCConfigurationList;
			buildConfigurations = (
				F9E3F3B41BA9FBC9001FF957 /* Debug */,
				F9E3F3B51BA9FBC9001FF957 /* Release */,
			);
			defaultConfigurationIsVisible = 0;
		};
/* End XCConfigurationList section */
	};
	rootObject = F9E3F3851BA9FBC9001FF957 /* Project object */;
}
